name: Release Complex SLock Binary

on:
  push:
    branches:
      - main
    paths:
      - 'src/**'
      - 'Makefile'

jobs:
  release:
    runs-on: ubuntu-latest

    steps:
      - name: Checkout code
        uses: actions/checkout@v2

      - name: Install dependencies
        run: |
          sudo apt-get update && sudo apt-get upgrade -y
          sudo apt-get install -y build-essential libx11-dev libxext-dev libxrandr-dev libxft-dev libimlib2-dev libfreetype6-dev libxinerama-dev libxcb-xinerama0-dev libpam0g-dev

      - name: Install GitHub CLI
        run: |
          sudo apt-get install -y gh

      - name: Authenticate GitHub CLI
        run: |
          echo "${{ secrets.SLOCK_TOKEN }}" | gh auth login --with-token

      - name: Build and Release
        run: |
          make clean
          make

      - name: Create release
        id: create_release
        run: |
          version=$(make print-version)
          changelog=$(git log --oneline --pretty=format:"* %s (%h)" | head -n 20)
          echo "Changelog: $changelog" > changelog.txt

          gh release create "v${version}" slock changelog.txt --title "Release v${version}" --notes "$changelog"

      - name: Clean up
        run: |
          rm -f changelog.txt